// !$*UTF8*$!
{
	archiveVersion = 1;
	classes = {
	};
	objectVersion = 56;
	objects = {

/* Begin PBXBuildFile section */
		1A884C142B78BECF00F33FC7 /* MostHappeningHeadline.swift in Sources */ = {isa = PBXBuildFile; fileRef = 1A884C132B78BECF00F33FC7 /* MostHappeningHeadline.swift */; };
		1A884C162B78C06700F33FC7 /* MostHappeningTickr.swift in Sources */ = {isa = PBXBuildFile; fileRef = 1A884C152B78C06600F33FC7 /* MostHappeningTickr.swift */; };
		1A884C182B78C62300F33FC7 /* RapidFireHeadline.swift in Sources */ = {isa = PBXBuildFile; fileRef = 1A884C172B78C62300F33FC7 /* RapidFireHeadline.swift */; };
		1A884C1B2B78C7EA00F33FC7 /* RapidFireCards.swift in Sources */ = {isa = PBXBuildFile; fileRef = 1A884C1A2B78C7EA00F33FC7 /* RapidFireCards.swift */; };
		1A884C1D2B78C8FC00F33FC7 /* ExploreCard.swift in Sources */ = {isa = PBXBuildFile; fileRef = 1A884C1C2B78C8FC00F33FC7 /* ExploreCard.swift */; };
		1A884C1F2B78CDA200F33FC7 /* MatchPreviewHeadline.swift in Sources */ = {isa = PBXBuildFile; fileRef = 1A884C1E2B78CDA200F33FC7 /* MatchPreviewHeadline.swift */; };
		1A884C212B78CE5F00F33FC7 /* MatchPreview.swift in Sources */ = {isa = PBXBuildFile; fileRef = 1A884C202B78CE5F00F33FC7 /* MatchPreview.swift */; };
		1A884C232B78E4B100F33FC7 /* BettaLabels.swift in Sources */ = {isa = PBXBuildFile; fileRef = 1A884C222B78E4B100F33FC7 /* BettaLabels.swift */; };
		1A884C252B78E51F00F33FC7 /* BettaOptions.swift in Sources */ = {isa = PBXBuildFile; fileRef = 1A884C242B78E51F00F33FC7 /* BettaOptions.swift */; };
		1A884C272B78FFE600F33FC7 /* MatchData.swift in Sources */ = {isa = PBXBuildFile; fileRef = 1A884C262B78FFE600F33FC7 /* MatchData.swift */; };
		1AAE2A562B77629E00638BE6 /* Swiftui_BebettaApp.swift in Sources */ = {isa = PBXBuildFile; fileRef = 1AAE2A552B77629E00638BE6 /* Swiftui_BebettaApp.swift */; };
		1AAE2A582B77629E00638BE6 /* TabBarContentView.swift in Sources */ = {isa = PBXBuildFile; fileRef = 1AAE2A572B77629E00638BE6 /* TabBarContentView.swift */; };
		1AAE2A5A2B77629F00638BE6 /* Assets.xcassets in Resources */ = {isa = PBXBuildFile; fileRef = 1AAE2A592B77629F00638BE6 /* Assets.xcassets */; };
		1AAE2A5D2B77629F00638BE6 /* Preview Assets.xcassets in Resources */ = {isa = PBXBuildFile; fileRef = 1AAE2A5C2B77629F00638BE6 /* Preview Assets.xcassets */; };
		1AAE2A6B2B77641500638BE6 /* ExploreContentView.swift in Sources */ = {isa = PBXBuildFile; fileRef = 1AAE2A6A2B77641500638BE6 /* ExploreContentView.swift */; };
		1AAE2A6D2B77659F00638BE6 /* WriteContentView.swift in Sources */ = {isa = PBXBuildFile; fileRef = 1AAE2A6C2B77659F00638BE6 /* WriteContentView.swift */; };
		1AAE2A6F2B7765B200638BE6 /* LikeContentView.swift in Sources */ = {isa = PBXBuildFile; fileRef = 1AAE2A6E2B7765B200638BE6 /* LikeContentView.swift */; };
		1AAE2A712B7765E600638BE6 /* AccountContentView.swift in Sources */ = {isa = PBXBuildFile; fileRef = 1AAE2A702B7765E600638BE6 /* AccountContentView.swift */; };
		1AAE2A772B77846700638BE6 /* FeedContentView.swift in Sources */ = {isa = PBXBuildFile; fileRef = 1AAE2A762B77846700638BE6 /* FeedContentView.swift */; };
		1AAE2A792B778C4500638BE6 /* Constants.swift in Sources */ = {isa = PBXBuildFile; fileRef = 1AAE2A782B778C4500638BE6 /* Constants.swift */; };
		1AAE2A7D2B7796FC00638BE6 /* ExploreSheet.swift in Sources */ = {isa = PBXBuildFile; fileRef = 1AAE2A7C2B7796FC00638BE6 /* ExploreSheet.swift */; };
		1AAE2A812B77A65A00638BE6 /* FeedTopBar.swift in Sources */ = {isa = PBXBuildFile; fileRef = 1AAE2A802B77A65A00638BE6 /* FeedTopBar.swift */; };
		1AAE2A832B77A7AF00638BE6 /* GameTypesCell.swift in Sources */ = {isa = PBXBuildFile; fileRef = 1AAE2A822B77A7AF00638BE6 /* GameTypesCell.swift */; };
		1AAE2A872B77BA2A00638BE6 /* GameTypesModel.swift in Sources */ = {isa = PBXBuildFile; fileRef = 1AAE2A862B77BA2A00638BE6 /* GameTypesModel.swift */; };
		1AAE2A892B77BA6B00638BE6 /* DataManager.swift in Sources */ = {isa = PBXBuildFile; fileRef = 1AAE2A882B77BA6B00638BE6 /* DataManager.swift */; };
		1AAE2A8B2B77C18500638BE6 /* UtitlityMethods.swift in Sources */ = {isa = PBXBuildFile; fileRef = 1AAE2A8A2B77C18500638BE6 /* UtitlityMethods.swift */; };
		1AAE2A8D2B77CCF900638BE6 /* LiveMatchesHeading.swift in Sources */ = {isa = PBXBuildFile; fileRef = 1AAE2A8C2B77CCF900638BE6 /* LiveMatchesHeading.swift */; };
		1AAE2A8F2B77D95400638BE6 /* MatchBox.swift in Sources */ = {isa = PBXBuildFile; fileRef = 1AAE2A8E2B77D95400638BE6 /* MatchBox.swift */; };
/* End PBXBuildFile section */

/* Begin PBXFileReference section */
		1A884C132B78BECF00F33FC7 /* MostHappeningHeadline.swift */ = {isa = PBXFileReference; lastKnownFileType = sourcecode.swift; path = MostHappeningHeadline.swift; sourceTree = "<group>"; };
		1A884C152B78C06600F33FC7 /* MostHappeningTickr.swift */ = {isa = PBXFileReference; lastKnownFileType = sourcecode.swift; path = MostHappeningTickr.swift; sourceTree = "<group>"; };
		1A884C172B78C62300F33FC7 /* RapidFireHeadline.swift */ = {isa = PBXFileReference; lastKnownFileType = sourcecode.swift; path = RapidFireHeadline.swift; sourceTree = "<group>"; };
		1A884C1A2B78C7EA00F33FC7 /* RapidFireCards.swift */ = {isa = PBXFileReference; lastKnownFileType = sourcecode.swift; path = RapidFireCards.swift; sourceTree = "<group>"; };
		1A884C1C2B78C8FC00F33FC7 /* ExploreCard.swift */ = {isa = PBXFileReference; lastKnownFileType = sourcecode.swift; path = ExploreCard.swift; sourceTree = "<group>"; };
		1A884C1E2B78CDA200F33FC7 /* MatchPreviewHeadline.swift */ = {isa = PBXFileReference; lastKnownFileType = sourcecode.swift; path = MatchPreviewHeadline.swift; sourceTree = "<group>"; };
		1A884C202B78CE5F00F33FC7 /* MatchPreview.swift */ = {isa = PBXFileReference; lastKnownFileType = sourcecode.swift; path = MatchPreview.swift; sourceTree = "<group>"; };
		1A884C222B78E4B100F33FC7 /* BettaLabels.swift */ = {isa = PBXFileReference; lastKnownFileType = sourcecode.swift; path = BettaLabels.swift; sourceTree = "<group>"; };
		1A884C242B78E51F00F33FC7 /* BettaOptions.swift */ = {isa = PBXFileReference; lastKnownFileType = sourcecode.swift; path = BettaOptions.swift; sourceTree = "<group>"; };
		1A884C262B78FFE600F33FC7 /* MatchData.swift */ = {isa = PBXFileReference; lastKnownFileType = sourcecode.swift; path = MatchData.swift; sourceTree = "<group>"; };
		1AAE2A522B77629E00638BE6 /* Swiftui Bebetta.app */ = {isa = PBXFileReference; explicitFileType = wrapper.application; includeInIndex = 0; path = "Swiftui Bebetta.app"; sourceTree = BUILT_PRODUCTS_DIR; };
		1AAE2A552B77629E00638BE6 /* Swiftui_BebettaApp.swift */ = {isa = PBXFileReference; lastKnownFileType = sourcecode.swift; path = Swiftui_BebettaApp.swift; sourceTree = "<group>"; };
		1AAE2A572B77629E00638BE6 /* TabBarContentView.swift */ = {isa = PBXFileReference; lastKnownFileType = sourcecode.swift; path = TabBarContentView.swift; sourceTree = "<group>"; };
		1AAE2A592B77629F00638BE6 /* Assets.xcassets */ = {isa = PBXFileReference; lastKnownFileType = folder.assetcatalog; path = Assets.xcassets; sourceTree = "<group>"; };
		1AAE2A5C2B77629F00638BE6 /* Preview Assets.xcassets */ = {isa = PBXFileReference; lastKnownFileType = folder.assetcatalog; path = "Preview Assets.xcassets"; sourceTree = "<group>"; };
		1AAE2A6A2B77641500638BE6 /* ExploreContentView.swift */ = {isa = PBXFileReference; lastKnownFileType = sourcecode.swift; path = ExploreContentView.swift; sourceTree = "<group>"; };
		1AAE2A6C2B77659F00638BE6 /* WriteContentView.swift */ = {isa = PBXFileReference; lastKnownFileType = sourcecode.swift; path = WriteContentView.swift; sourceTree = "<group>"; };
		1AAE2A6E2B7765B200638BE6 /* LikeContentView.swift */ = {isa = PBXFileReference; lastKnownFileType = sourcecode.swift; path = LikeContentView.swift; sourceTree = "<group>"; };
		1AAE2A702B7765E600638BE6 /* AccountContentView.swift */ = {isa = PBXFileReference; lastKnownFileType = sourcecode.swift; path = AccountContentView.swift; sourceTree = "<group>"; };
		1AAE2A762B77846700638BE6 /* FeedContentView.swift */ = {isa = PBXFileReference; lastKnownFileType = sourcecode.swift; path = FeedContentView.swift; sourceTree = "<group>"; };
		1AAE2A782B778C4500638BE6 /* Constants.swift */ = {isa = PBXFileReference; lastKnownFileType = sourcecode.swift; path = Constants.swift; sourceTree = "<group>"; };
		1AAE2A7C2B7796FC00638BE6 /* ExploreSheet.swift */ = {isa = PBXFileReference; lastKnownFileType = sourcecode.swift; path = ExploreSheet.swift; sourceTree = "<group>"; };
		1AAE2A802B77A65A00638BE6 /* FeedTopBar.swift */ = {isa = PBXFileReference; lastKnownFileType = sourcecode.swift; path = FeedTopBar.swift; sourceTree = "<group>"; };
		1AAE2A822B77A7AF00638BE6 /* GameTypesCell.swift */ = {isa = PBXFileReference; lastKnownFileType = sourcecode.swift; path = GameTypesCell.swift; sourceTree = "<group>"; };
		1AAE2A862B77BA2A00638BE6 /* GameTypesModel.swift */ = {isa = PBXFileReference; lastKnownFileType = sourcecode.swift; path = GameTypesModel.swift; sourceTree = "<group>"; };
		1AAE2A882B77BA6B00638BE6 /* DataManager.swift */ = {isa = PBXFileReference; lastKnownFileType = sourcecode.swift; path = DataManager.swift; sourceTree = "<group>"; };
		1AAE2A8A2B77C18500638BE6 /* UtitlityMethods.swift */ = {isa = PBXFileReference; lastKnownFileType = sourcecode.swift; path = UtitlityMethods.swift; sourceTree = "<group>"; };
		1AAE2A8C2B77CCF900638BE6 /* LiveMatchesHeading.swift */ = {isa = PBXFileReference; lastKnownFileType = sourcecode.swift; path = LiveMatchesHeading.swift; sourceTree = "<group>"; };
		1AAE2A8E2B77D95400638BE6 /* MatchBox.swift */ = {isa = PBXFileReference; lastKnownFileType = sourcecode.swift; path = MatchBox.swift; sourceTree = "<group>"; };
/* End PBXFileReference section */

/* Begin PBXFrameworksBuildPhase section */
		1AAE2A4F2B77629E00638BE6 /* Frameworks */ = {
			isa = PBXFrameworksBuildPhase;
			buildActionMask = 2147483647;
			files = (
			);
			runOnlyForDeploymentPostprocessing = 0;
		};
/* End PBXFrameworksBuildPhase section */

/* Begin PBXGroup section */
		1AAE2A492B77629E00638BE6 = {
			isa = PBXGroup;
			children = (
				1AAE2A542B77629E00638BE6 /* Swiftui Bebetta */,
				1AAE2A532B77629E00638BE6 /* Products */,
			);
			sourceTree = "<group>";
		};
		1AAE2A532B77629E00638BE6 /* Products */ = {
			isa = PBXGroup;
			children = (
				1AAE2A522B77629E00638BE6 /* Swiftui Bebetta.app */,
			);
			name = Products;
			sourceTree = "<group>";
		};
		1AAE2A542B77629E00638BE6 /* Swiftui Bebetta */ = {
			isa = PBXGroup;
			children = (
				1AAE2A662B77631700638BE6 /* Setup Files */,
				1AAE2A692B77634400638BE6 /* Resources */,
				1AAE2A652B7762FF00638BE6 /* Models */,
				1AAE2A632B7762EB00638BE6 /* Views */,
				1AAE2A642B7762F200638BE6 /* View Models */,
				1AAE2A5B2B77629F00638BE6 /* Preview Content */,
			);
			path = "Swiftui Bebetta";
			sourceTree = "<group>";
		};
		1AAE2A5B2B77629F00638BE6 /* Preview Content */ = {
			isa = PBXGroup;
			children = (
				1AAE2A5C2B77629F00638BE6 /* Preview Assets.xcassets */,
			);
			path = "Preview Content";
			sourceTree = "<group>";
		};
		1AAE2A632B7762EB00638BE6 /* Views */ = {
			isa = PBXGroup;
			children = (
				1AAE2A572B77629E00638BE6 /* TabBarContentView.swift */,
				1AAE2A7F2B779CC900638BE6 /* TabBar Items */,
				1AAE2A7E2B779CBB00638BE6 /* Sheets */,
				1AAE2A592B77629F00638BE6 /* Assets.xcassets */,
				1AAE2A682B77633200638BE6 /* Custom Views */,
			);
			path = Views;
			sourceTree = "<group>";
		};
		1AAE2A642B7762F200638BE6 /* View Models */ = {
			isa = PBXGroup;
			children = (
			);
			path = "View Models";
			sourceTree = "<group>";
		};
		1AAE2A652B7762FF00638BE6 /* Models */ = {
			isa = PBXGroup;
			children = (
				1AAE2A862B77BA2A00638BE6 /* GameTypesModel.swift */,
				1A884C262B78FFE600F33FC7 /* MatchData.swift */,
			);
			path = Models;
			sourceTree = "<group>";
		};
		1AAE2A662B77631700638BE6 /* Setup Files */ = {
			isa = PBXGroup;
			children = (
				1AAE2A552B77629E00638BE6 /* Swiftui_BebettaApp.swift */,
			);
			path = "Setup Files";
			sourceTree = "<group>";
		};
		1AAE2A682B77633200638BE6 /* Custom Views */ = {
			isa = PBXGroup;
			children = (
				1AAE2A802B77A65A00638BE6 /* FeedTopBar.swift */,
				1AAE2A822B77A7AF00638BE6 /* GameTypesCell.swift */,
				1AAE2A8C2B77CCF900638BE6 /* LiveMatchesHeading.swift */,
				1AAE2A8E2B77D95400638BE6 /* MatchBox.swift */,
				1A884C132B78BECF00F33FC7 /* MostHappeningHeadline.swift */,
				1A884C152B78C06600F33FC7 /* MostHappeningTickr.swift */,
				1A884C1C2B78C8FC00F33FC7 /* ExploreCard.swift */,
				1A884C172B78C62300F33FC7 /* RapidFireHeadline.swift */,
				1A884C1A2B78C7EA00F33FC7 /* RapidFireCards.swift */,
				1A884C1E2B78CDA200F33FC7 /* MatchPreviewHeadline.swift */,
				1A884C202B78CE5F00F33FC7 /* MatchPreview.swift */,
			);
			path = "Custom Views";
			sourceTree = "<group>";
		};
		1AAE2A692B77634400638BE6 /* Resources */ = {
			isa = PBXGroup;
			children = (
				1AAE2A782B778C4500638BE6 /* Constants.swift */,
				1AAE2A8A2B77C18500638BE6 /* UtitlityMethods.swift */,
				1AAE2A882B77BA6B00638BE6 /* DataManager.swift */,
			);
			path = Resources;
			sourceTree = "<group>";
		};
		1AAE2A7E2B779CBB00638BE6 /* Sheets */ = {
			isa = PBXGroup;
			children = (
				1AAE2A7C2B7796FC00638BE6 /* ExploreSheet.swift */,
				1A884C222B78E4B100F33FC7 /* BettaLabels.swift */,
				1A884C242B78E51F00F33FC7 /* BettaOptions.swift */,
			);
			path = Sheets;
			sourceTree = "<group>";
		};
		1AAE2A7F2B779CC900638BE6 /* TabBar Items */ = {
			isa = PBXGroup;
			children = (
				1AAE2A762B77846700638BE6 /* FeedContentView.swift */,
				1AAE2A6A2B77641500638BE6 /* ExploreContentView.swift */,
				1AAE2A6C2B77659F00638BE6 /* WriteContentView.swift */,
				1AAE2A6E2B7765B200638BE6 /* LikeContentView.swift */,
				1AAE2A702B7765E600638BE6 /* AccountContentView.swift */,
			);
			path = "TabBar Items";
			sourceTree = "<group>";
		};
/* End PBXGroup section */

/* Begin PBXNativeTarget section */
		1AAE2A512B77629E00638BE6 /* Swiftui Bebetta */ = {
			isa = PBXNativeTarget;
			buildConfigurationList = 1AAE2A602B77629F00638BE6 /* Build configuration list for PBXNativeTarget "Swiftui Bebetta" */;
			buildPhases = (
				1AAE2A4E2B77629E00638BE6 /* Sources */,
				1AAE2A4F2B77629E00638BE6 /* Frameworks */,
				1AAE2A502B77629E00638BE6 /* Resources */,
			);
			buildRules = (
			);
			dependencies = (
			);
			name = "Swiftui Bebetta";
			productName = "Swiftui Bebetta";
			productReference = 1AAE2A522B77629E00638BE6 /* Swiftui Bebetta.app */;
			productType = "com.apple.product-type.application";
		};
/* End PBXNativeTarget section */

/* Begin PBXProject section */
		1AAE2A4A2B77629E00638BE6 /* Project object */ = {
			isa = PBXProject;
			attributes = {
				BuildIndependentTargetsInParallel = 1;
				LastSwiftUpdateCheck = 1500;
				LastUpgradeCheck = 1500;
				TargetAttributes = {
					1AAE2A512B77629E00638BE6 = {
						CreatedOnToolsVersion = 15.0.1;
					};
				};
			};
			buildConfigurationList = 1AAE2A4D2B77629E00638BE6 /* Build configuration list for PBXProject "Swiftui Bebetta" */;
			compatibilityVersion = "Xcode 14.0";
			developmentRegion = en;
			hasScannedForEncodings = 0;
			knownRegions = (
				en,
				Base,
			);
			mainGroup = 1AAE2A492B77629E00638BE6;
			productRefGroup = 1AAE2A532B77629E00638BE6 /* Products */;
			projectDirPath = "";
			projectRoot = "";
			targets = (
				1AAE2A512B77629E00638BE6 /* Swiftui Bebetta */,
			);
		};
/* End PBXProject section */

/* Begin PBXResourcesBuildPhase section */
		1AAE2A502B77629E00638BE6 /* Resources */ = {
			isa = PBXResourcesBuildPhase;
			buildActionMask = 2147483647;
			files = (
				1AAE2A5D2B77629F00638BE6 /* Preview Assets.xcassets in Resources */,
				1AAE2A5A2B77629F00638BE6 /* Assets.xcassets in Resources */,
			);
			runOnlyForDeploymentPostprocessing = 0;
		};
/* End PBXResourcesBuildPhase section */

/* Begin PBXSourcesBuildPhase section */
		1AAE2A4E2B77629E00638BE6 /* Sources */ = {
			isa = PBXSourcesBuildPhase;
			buildActionMask = 2147483647;
			files = (
				1A884C1F2B78CDA200F33FC7 /* MatchPreviewHeadline.swift in Sources */,
				1AAE2A582B77629E00638BE6 /* TabBarContentView.swift in Sources */,
				1AAE2A772B77846700638BE6 /* FeedContentView.swift in Sources */,
				1AAE2A562B77629E00638BE6 /* Swiftui_BebettaApp.swift in Sources */,
				1A884C162B78C06700F33FC7 /* MostHappeningTickr.swift in Sources */,
				1A884C142B78BECF00F33FC7 /* MostHappeningHeadline.swift in Sources */,
				1A884C182B78C62300F33FC7 /* RapidFireHeadline.swift in Sources */,
				1AAE2A892B77BA6B00638BE6 /* DataManager.swift in Sources */,
				1A884C1D2B78C8FC00F33FC7 /* ExploreCard.swift in Sources */,
				1A884C212B78CE5F00F33FC7 /* MatchPreview.swift in Sources */,
				1AAE2A8B2B77C18500638BE6 /* UtitlityMethods.swift in Sources */,
				1AAE2A712B7765E600638BE6 /* AccountContentView.swift in Sources */,
				1AAE2A6D2B77659F00638BE6 /* WriteContentView.swift in Sources */,
				1A884C252B78E51F00F33FC7 /* BettaOptions.swift in Sources */,
				1AAE2A8F2B77D95400638BE6 /* MatchBox.swift in Sources */,
				1AAE2A7D2B7796FC00638BE6 /* ExploreSheet.swift in Sources */,
				1AAE2A6B2B77641500638BE6 /* ExploreContentView.swift in Sources */,
				1AAE2A812B77A65A00638BE6 /* FeedTopBar.swift in Sources */,
				1A884C1B2B78C7EA00F33FC7 /* RapidFireCards.swift in Sources */,
				1AAE2A6F2B7765B200638BE6 /* LikeContentView.swift in Sources */,
				1AAE2A792B778C4500638BE6 /* Constants.swift in Sources */,
				1A884C272B78FFE600F33FC7 /* MatchData.swift in Sources */,
				1AAE2A872B77BA2A00638BE6 /* GameTypesModel.swift in Sources */,
				1AAE2A832B77A7AF00638BE6 /* GameTypesCell.swift in Sources */,
				1AAE2A8D2B77CCF900638BE6 /* LiveMatchesHeading.swift in Sources */,
				1A884C232B78E4B100F33FC7 /* BettaLabels.swift in Sources */,
			);
			runOnlyForDeploymentPostprocessing = 0;
		};
/* End PBXSourcesBuildPhase section */

/* Begin XCBuildConfiguration section */
		1AAE2A5E2B77629F00638BE6 /* Debug */ = {
			isa = XCBuildConfiguration;
			buildSettings = {
				ALWAYS_SEARCH_USER_PATHS = NO;
				ASSETCATALOG_COMPILER_GENERATE_SWIFT_ASSET_SYMBOL_EXTENSIONS = YES;
				CLANG_ANALYZER_NONNULL = YES;
				CLANG_ANALYZER_NUMBER_OBJECT_CONVERSION = YES_AGGRESSIVE;
				CLANG_CXX_LANGUAGE_STANDARD = "gnu++20";
				CLANG_ENABLE_MODULES = YES;
				CLANG_ENABLE_OBJC_ARC = YES;
				CLANG_ENABLE_OBJC_WEAK = YES;
				CLANG_WARN_BLOCK_CAPTURE_AUTORELEASING = YES;
				CLANG_WARN_BOOL_CONVERSION = YES;
				CLANG_WARN_COMMA = YES;
				CLANG_WARN_CONSTANT_CONVERSION = YES;
				CLANG_WARN_DEPRECATED_OBJC_IMPLEMENTATIONS = YES;
				CLANG_WARN_DIRECT_OBJC_ISA_USAGE = YES_ERROR;
				CLANG_WARN_DOCUMENTATION_COMMENTS = YES;
				CLANG_WARN_EMPTY_BODY = YES;
				CLANG_WARN_ENUM_CONVERSION = YES;
				CLANG_WARN_INFINITE_RECURSION = YES;
				CLANG_WARN_INT_CONVERSION = YES;
				CLANG_WARN_NON_LITERAL_NULL_CONVERSION = YES;
				CLANG_WARN_OBJC_IMPLICIT_RETAIN_SELF = YES;
				CLANG_WARN_OBJC_LITERAL_CONVERSION = YES;
				CLANG_WARN_OBJC_ROOT_CLASS = YES_ERROR;
				CLANG_WARN_QUOTED_INCLUDE_IN_FRAMEWORK_HEADER = YES;
				CLANG_WARN_RANGE_LOOP_ANALYSIS = YES;
				CLANG_WARN_STRICT_PROTOTYPES = YES;
				CLANG_WARN_SUSPICIOUS_MOVE = YES;
				CLANG_WARN_UNGUARDED_AVAILABILITY = YES_AGGRESSIVE;
				CLANG_WARN_UNREACHABLE_CODE = YES;
				CLANG_WARN__DUPLICATE_METHOD_MATCH = YES;
				COPY_PHASE_STRIP = NO;
				DEBUG_INFORMATION_FORMAT = dwarf;
				ENABLE_STRICT_OBJC_MSGSEND = YES;
				ENABLE_TESTABILITY = YES;
				ENABLE_USER_SCRIPT_SANDBOXING = YES;
				GCC_C_LANGUAGE_STANDARD = gnu17;
				GCC_DYNAMIC_NO_PIC = NO;
				GCC_NO_COMMON_BLOCKS = YES;
				GCC_OPTIMIZATION_LEVEL = 0;
				GCC_PREPROCESSOR_DEFINITIONS = (
					"DEBUG=1",
					"$(inherited)",
				);
				GCC_WARN_64_TO_32_BIT_CONVERSION = YES;
				GCC_WARN_ABOUT_RETURN_TYPE = YES_ERROR;
				GCC_WARN_UNDECLARED_SELECTOR = YES;
				GCC_WARN_UNINITIALIZED_AUTOS = YES_AGGRESSIVE;
				GCC_WARN_UNUSED_FUNCTION = YES;
				GCC_WARN_UNUSED_VARIABLE = YES;
				IPHONEOS_DEPLOYMENT_TARGET = 17.0;
				LOCALIZATION_PREFERS_STRING_CATALOGS = YES;
				MTL_ENABLE_DEBUG_INFO = INCLUDE_SOURCE;
				MTL_FAST_MATH = YES;
				ONLY_ACTIVE_ARCH = YES;
				SDKROOT = iphoneos;
				SWIFT_ACTIVE_COMPILATION_CONDITIONS = "DEBUG $(inherited)";
				SWIFT_OPTIMIZATION_LEVEL = "-Onone";
			};
			name = Debug;
		};
		1AAE2A5F2B77629F00638BE6 /* Release */ = {
			isa = XCBuildConfiguration;
			buildSettings = {
				ALWAYS_SEARCH_USER_PATHS = NO;
				ASSETCATALOG_COMPILER_GENERATE_SWIFT_ASSET_SYMBOL_EXTENSIONS = YES;
				CLANG_ANALYZER_NONNULL = YES;
				CLANG_ANALYZER_NUMBER_OBJECT_CONVERSION = YES_AGGRESSIVE;
				CLANG_CXX_LANGUAGE_STANDARD = "gnu++20";
				CLANG_ENABLE_MODULES = YES;
				CLANG_ENABLE_OBJC_ARC = YES;
				CLANG_ENABLE_OBJC_WEAK = YES;
				CLANG_WARN_BLOCK_CAPTURE_AUTORELEASING = YES;
				CLANG_WARN_BOOL_CONVERSION = YES;
				CLANG_WARN_COMMA = YES;
				CLANG_WARN_CONSTANT_CONVERSION = YES;
				CLANG_WARN_DEPRECATED_OBJC_IMPLEMENTATIONS = YES;
				CLANG_WARN_DIRECT_OBJC_ISA_USAGE = YES_ERROR;
				CLANG_WARN_DOCUMENTATION_COMMENTS = YES;
				CLANG_WARN_EMPTY_BODY = YES;
				CLANG_WARN_ENUM_CONVERSION = YES;
				CLANG_WARN_INFINITE_RECURSION = YES;
				CLANG_WARN_INT_CONVERSION = YES;
				CLANG_WARN_NON_LITERAL_NULL_CONVERSION = YES;
				CLANG_WARN_OBJC_IMPLICIT_RETAIN_SELF = YES;
				CLANG_WARN_OBJC_LITERAL_CONVERSION = YES;
				CLANG_WARN_OBJC_ROOT_CLASS = YES_ERROR;
				CLANG_WARN_QUOTED_INCLUDE_IN_FRAMEWORK_HEADER = YES;
				CLANG_WARN_RANGE_LOOP_ANALYSIS = YES;
				CLANG_WARN_STRICT_PROTOTYPES = YES;
				CLANG_WARN_SUSPICIOUS_MOVE = YES;
				CLANG_WARN_UNGUARDED_AVAILABILITY = YES_AGGRESSIVE;
				CLANG_WARN_UNREACHABLE_CODE = YES;
				CLANG_WARN__DUPLICATE_METHOD_MATCH = YES;
				COPY_PHASE_STRIP = NO;
				DEBUG_INFORMATION_FORMAT = "dwarf-with-dsym";
				ENABLE_NS_ASSERTIONS = NO;
				ENABLE_STRICT_OBJC_MSGSEND = YES;
				ENABLE_USER_SCRIPT_SANDBOXING = YES;
				GCC_C_LANGUAGE_STANDARD = gnu17;
				GCC_NO_COMMON_BLOCKS = YES;
				GCC_WARN_64_TO_32_BIT_CONVERSION = YES;
				GCC_WARN_ABOUT_RETURN_TYPE = YES_ERROR;
				GCC_WARN_UNDECLARED_SELECTOR = YES;
				GCC_WARN_UNINITIALIZED_AUTOS = YES_AGGRESSIVE;
				GCC_WARN_UNUSED_FUNCTION = YES;
				GCC_WARN_UNUSED_VARIABLE = YES;
				IPHONEOS_DEPLOYMENT_TARGET = 17.0;
				LOCALIZATION_PREFERS_STRING_CATALOGS = YES;
				MTL_ENABLE_DEBUG_INFO = NO;
				MTL_FAST_MATH = YES;
				SDKROOT = iphoneos;
				SWIFT_COMPILATION_MODE = wholemodule;
				VALIDATE_PRODUCT = YES;
			};
			name = Release;
		};
		1AAE2A612B77629F00638BE6 /* Debug */ = {
			isa = XCBuildConfiguration;
			buildSettings = {
				ASSETCATALOG_COMPILER_APPICON_NAME = AppIcon;
				ASSETCATALOG_COMPILER_GLOBAL_ACCENT_COLOR_NAME = AccentColor;
				CODE_SIGN_STYLE = Automatic;
				CURRENT_PROJECT_VERSION = 1;
				DEVELOPMENT_ASSET_PATHS = "\"Swiftui Bebetta/Preview Content\"";
				DEVELOPMENT_TEAM = 3L566L7593;
				ENABLE_PREVIEWS = YES;
				GENERATE_INFOPLIST_FILE = YES;
				INFOPLIST_KEY_UIApplicationSceneManifest_Generation = YES;
				INFOPLIST_KEY_UIApplicationSupportsIndirectInputEvents = YES;
				INFOPLIST_KEY_UILaunchScreen_Generation = YES;
				INFOPLIST_KEY_UISupportedInterfaceOrientations_iPad = "UIInterfaceOrientationPortrait UIInterfaceOrientationPortraitUpsideDown UIInterfaceOrientationLandscapeLeft UIInterfaceOrientationLandscapeRight";
				INFOPLIST_KEY_UISupportedInterfaceOrientations_iPhone = "UIInterfaceOrientationPortrait UIInterfaceOrientationLandscapeLeft UIInterfaceOrientationLandscapeRight";
				LD_RUNPATH_SEARCH_PATHS = (
					"$(inherited)",
					"@executable_path/Frameworks",
				);
				MARKETING_VERSION = 1.0;
				PRODUCT_BUNDLE_IDENTIFIER = "com.suhail.Project1-WhatsMyShare";
				PRODUCT_NAME = "$(TARGET_NAME)";
				SWIFT_EMIT_LOC_STRINGS = YES;
				SWIFT_VERSION = 5.0;
				TARGETED_DEVICE_FAMILY = "1,2";
			};
			name = Debug;
		};
		1AAE2A622B77629F00638BE6 /* Release */ = {
			isa = XCBuildConfiguration;
			buildSettings = {
				ASSETCATALOG_COMPILER_APPICON_NAME = AppIcon;
				ASSETCATALOG_COMPILER_GLOBAL_ACCENT_COLOR_NAME = AccentColor;
				CODE_SIGN_STYLE = Automatic;
				CURRENT_PROJECT_VERSION = 1;
				DEVELOPMENT_ASSET_PATHS = "\"Swiftui Bebetta/Preview Content\"";
				DEVELOPMENT_TEAM = 3L566L7593;
				ENABLE_PREVIEWS = YES;
				GENERATE_INFOPLIST_FILE = YES;
				INFOPLIST_KEY_UIApplicationSceneManifest_Generation = YES;
				INFOPLIST_KEY_UIApplicationSupportsIndirectInputEvents = YES;
				INFOPLIST_KEY_UILaunchScreen_Generation = YES;
				INFOPLIST_KEY_UISupportedInterfaceOrientations_iPad = "UIInterfaceOrientationPortrait UIInterfaceOrientationPortraitUpsideDown UIInterfaceOrientationLandscapeLeft UIInterfaceOrientationLandscapeRight";
				INFOPLIST_KEY_UISupportedInterfaceOrientations_iPhone = "UIInterfaceOrientationPortrait UIInterfaceOrientationLandscapeLeft UIInterfaceOrientationLandscapeRight";
				LD_RUNPATH_SEARCH_PATHS = (
					"$(inherited)",
					"@executable_path/Frameworks",
				);
				MARKETING_VERSION = 1.0;
				PRODUCT_BUNDLE_IDENTIFIER = "com.suhail.Project1-WhatsMyShare";
				PRODUCT_NAME = "$(TARGET_NAME)";
				SWIFT_EMIT_LOC_STRINGS = YES;
				SWIFT_VERSION = 5.0;
				TARGETED_DEVICE_FAMILY = "1,2";
			};
			name = Release;
		};
/* End XCBuildConfiguration section */

/* Begin XCConfigurationList section */
		1AAE2A4D2B77629E00638BE6 /* Build configuration list for PBXProject "Swiftui Bebetta" */ = {
			isa = XCConfigurationList;
			buildConfigurations = (
				1AAE2A5E2B77629F00638BE6 /* Debug */,
				1AAE2A5F2B77629F00638BE6 /* Release */,
			);
			defaultConfigurationIsVisible = 0;
			defaultConfigurationName = Release;
		};
		1AAE2A602B77629F00638BE6 /* Build configuration list for PBXNativeTarget "Swiftui Bebetta" */ = {
			isa = XCConfigurationList;
			buildConfigurations = (
				1AAE2A612B77629F00638BE6 /* Debug */,
				1AAE2A622B77629F00638BE6 /* Release */,
			);
			defaultConfigurationIsVisible = 0;
			defaultConfigurationName = Release;
		};
/* End XCConfigurationList section */
	};
	rootObject = 1AAE2A4A2B77629E00638BE6 /* Project object */;
}
